hash: c63c3c68b344ac83d0c1f0f71f6a9ef15419f37d518eb84f3df2e3418dce9ed5
updated: 2016-11-13T15:45:38.286568764+09:00
imports:
- name: bitbucket.org/liamstask/goose
  version: 8488cc47d90c8a502b1c41a462a6d9cc8ee0a895
  subpackages:
  - cmd/goose
- name: github.com/go-xorm/xorm
  version: f31f5520266c61e9f4d0881654415328c23ba884
- name: gopkg.in/yaml.v2
  version: a5b47d31c556af34a302ce5d659e6fea44d90de0
devImports: []
